<?xml version="1.0" encoding="utf-8"?>
<Project ToolsVersion="4.0" xmlns="http://schemas.microsoft.com/developer/msbuild/2003">
  <ItemGroup>
    <Filter Include="Fichiers sources">
      <UniqueIdentifier>{4FC737F1-C7A5-4376-A066-2A32D752A2FF}</UniqueIdentifier>
      <Extensions>cpp;c;cc;cxx;c++;cppm;ixx;def;odl;idl;hpj;bat;asm;asmx</Extensions>
    </Filter>
    <Filter Include="Fichiers d%27en-tête">
      <UniqueIdentifier>{93995380-89BD-4b04-88EB-625FBE52EBFB}</UniqueIdentifier>
      <Extensions>h;hh;hpp;hxx;h++;hm;inl;inc;ipp;xsd</Extensions>
    </Filter>
    <Filter Include="Fichiers de ressources">
      <UniqueIdentifier>{67DA6AB6-F800-4c08-8B7A-83BB121AAD01}</UniqueIdentifier>
      <Extensions>rc;ico;cur;bmp;dlg;rc2;rct;bin;rgs;gif;jpg;jpeg;jpe;resx;tiff;tif;png;wav;mfcribbon-ms</Extensions>
    </Filter>
  </ItemGroup>
  <ItemGroup>
    <ClInclude Include="common.h">
      <Filter>Fichiers d%27en-tête</Filter>
    </ClInclude>
    <ClInclude Include="config.h">
      <Filter>Fichiers d%27en-tête</Filter>
    </ClInclude>
    <ClInclude Include="structs.h">
      <Filter>Fichiers d%27en-tête</Filter>
    </ClInclude>
    <ClInclude Include="constants.h">
      <Filter>Fichiers d%27en-tête</Filter>
    </ClInclude>
    <ClInclude Include="syscalls\router.h">
      <Filter>Fichiers d%27en-tête</Filter>
    </ClInclude>
    <ClInclude Include="syscalls\syscalls.h">
      <Filter>Fichiers d%27en-tête</Filter>
    </ClInclude>
    <ClInclude Include="modules\anti_sandbox\anti_sandbox.h">
      <Filter>Fichiers d%27en-tête</Filter>
    </ClInclude>
    <ClInclude Include="modules\crypto\crypto.h">
      <Filter>Fichiers d%27en-tête</Filter>
    </ClInclude>
    <ClInclude Include="modules\encoders\encoders.h">
      <Filter>Fichiers d%27en-tête</Filter>
    </ClInclude>
    <ClInclude Include="modules\entropy\entropy.h">
      <Filter>Fichiers d%27en-tête</Filter>
    </ClInclude>
    <ClInclude Include="modules\injectors\injectors.h">
      <Filter>Fichiers d%27en-tête</Filter>
    </ClInclude>
    <ClInclude Include="modules\loaders\loaders.h">
      <Filter>Fichiers d%27en-tête</Filter>
    </ClInclude>
    <ClInclude Include="modules\stealth_techniques\api_hashing.h">
      <Filter>Fichiers d%27en-tête</Filter>
    </ClInclude>
    <ClInclude Include="modules\unhooking\unhooking.h">
      <Filter>Fichiers d%27en-tête</Filter>
    </ClInclude>
    <ClInclude Include="utils\debug.h">
      <Filter>Fichiers d%27en-tête</Filter>
    </ClInclude>
    <ClInclude Include="utils\process_utils.h">
      <Filter>Fichiers d%27en-tête</Filter>
    </ClInclude>
    <ClInclude Include="utils\syscall_functions.h">
      <Filter>Fichiers d%27en-tête</Filter>
    </ClInclude>
    <ClInclude Include="utils\utils.h">
      <Filter>Fichiers d%27en-tête</Filter>
    </ClInclude>
    <ClInclude Include="syscalls\direct\SysWhispers3\sw3_syscalls.h">
      <Filter>Fichiers d%27en-tête</Filter>
    </ClInclude>
    <ClInclude Include="syscalls\indirect\HWSyscalls\hw_syscalls.h">
      <Filter>Fichiers d%27en-tête</Filter>
    </ClInclude>
    <ClInclude Include="modules\amsi_bypass\amsi_bypass.h">
      <Filter>Fichiers d%27en-tête</Filter>
    </ClInclude>
    <ClInclude Include="modules\etw_bypass\etw_bypass.h">
      <Filter>Fichiers d%27en-tête</Filter>
    </ClInclude>
    <ClInclude Include="utils\hardware_breakpoints.h">
      <Filter>Fichiers d%27en-tête</Filter>
    </ClInclude>
  </ItemGroup>
  <ItemGroup>
    <None Include="Makefile" />
  </ItemGroup>
  <ItemGroup>
    <ClCompile Include="config.c">
      <Filter>Fichiers sources</Filter>
    </ClCompile>
    <ClCompile Include="dropper.c">
      <Filter>Fichiers sources</Filter>
    </ClCompile>
    <ClCompile Include="syscalls\router.c">
      <Filter>Fichiers sources</Filter>
    </ClCompile>
    <ClCompile Include="syscalls\syscalls.c">
      <Filter>Fichiers sources</Filter>
    </ClCompile>
    <ClCompile Include="modules\anti_sandbox\anti_sandbox.c">
      <Filter>Fichiers sources</Filter>
    </ClCompile>
    <ClCompile Include="modules\anti_sandbox\delay.c">
      <Filter>Fichiers sources</Filter>
    </ClCompile>
    <ClCompile Include="modules\anti_sandbox\mouse_action.c">
      <Filter>Fichiers sources</Filter>
    </ClCompile>
    <ClCompile Include="modules\anti_sandbox\self_delete.c">
      <Filter>Fichiers sources</Filter>
    </ClCompile>
    <ClCompile Include="modules\crypto\aes_encryption.c">
      <Filter>Fichiers sources</Filter>
    </ClCompile>
    <ClCompile Include="modules\crypto\chacha20_encryption.c">
      <Filter>Fichiers sources</Filter>
    </ClCompile>
    <ClCompile Include="modules\crypto\crypto.c">
      <Filter>Fichiers sources</Filter>
    </ClCompile>
    <ClCompile Include="modules\crypto\des_encryption.c">
      <Filter>Fichiers sources</Filter>
    </ClCompile>
    <ClCompile Include="modules\crypto\rc4_encryption.c">
      <Filter>Fichiers sources</Filter>
    </ClCompile>
    <ClCompile Include="modules\crypto\rsa_encryption.c">
      <Filter>Fichiers sources</Filter>
    </ClCompile>
    <ClCompile Include="modules\crypto\xor_encryption.c">
      <Filter>Fichiers sources</Filter>
    </ClCompile>
    <ClCompile Include="modules\encoders\dictionnary_encoding.c">
      <Filter>Fichiers sources</Filter>
    </ClCompile>
    <ClCompile Include="modules\encoders\encoders.c">
      <Filter>Fichiers sources</Filter>
    </ClCompile>
    <ClCompile Include="modules\encoders\ipv4_encoding.c">
      <Filter>Fichiers sources</Filter>
    </ClCompile>
    <ClCompile Include="modules\encoders\ipv6_encoding.c">
      <Filter>Fichiers sources</Filter>
    </ClCompile>
    <ClCompile Include="modules\encoders\mac_encoding.c">
      <Filter>Fichiers sources</Filter>
    </ClCompile>
    <ClCompile Include="modules\encoders\uuid_encoding.c">
      <Filter>Fichiers sources</Filter>
    </ClCompile>
    <ClCompile Include="modules\entropy\custom_win_api.c">
      <Filter>Fichiers sources</Filter>
    </ClCompile>
    <ClCompile Include="modules\entropy\entropy.c">
      <Filter>Fichiers sources</Filter>
    </ClCompile>
    <ClCompile Include="modules\injectors\apc_injection.c">
      <Filter>Fichiers sources</Filter>
    </ClCompile>
    <ClCompile Include="modules\injectors\early_bird_apc_injection.c">
      <Filter>Fichiers sources</Filter>
    </ClCompile>
    <ClCompile Include="modules\injectors\injectors.c">
      <Filter>Fichiers sources</Filter>
    </ClCompile>
    <ClCompile Include="modules\injectors\remote_process_injection.c">
      <Filter>Fichiers sources</Filter>
    </ClCompile>
    <ClCompile Include="modules\injectors\thread_hijacking.c">
      <Filter>Fichiers sources</Filter>
    </ClCompile>
    <ClCompile Include="modules\loaders\file_mapping.c">
      <Filter>Fichiers sources</Filter>
    </ClCompile>
    <ClCompile Include="modules\loaders\function_stomping.c">
      <Filter>Fichiers sources</Filter>
    </ClCompile>
    <ClCompile Include="modules\loaders\in_memory.c">
      <Filter>Fichiers sources</Filter>
    </ClCompile>
    <ClCompile Include="modules\loaders\loaders.c">
      <Filter>Fichiers sources</Filter>
    </ClCompile>
    <ClCompile Include="modules\stealth_techniques\api_hashing.c">
      <Filter>Fichiers sources</Filter>
    </ClCompile>
    <ClCompile Include="modules\stealth_techniques\iat_obfuscation.c">
      <Filter>Fichiers sources</Filter>
    </ClCompile>
    <ClCompile Include="modules\unhooking\known_dlls_unhooking.c">
      <Filter>Fichiers sources</Filter>
    </ClCompile>
    <ClCompile Include="modules\unhooking\suspended_unhooking.c">
      <Filter>Fichiers sources</Filter>
    </ClCompile>
    <ClCompile Include="modules\unhooking\unhooking.c">
      <Filter>Fichiers sources</Filter>
    </ClCompile>
    <ClCompile Include="utils\debug.c">
      <Filter>Fichiers sources</Filter>
    </ClCompile>
    <ClCompile Include="utils\process_utils.c">
      <Filter>Fichiers sources</Filter>
    </ClCompile>
    <ClCompile Include="utils\syscall_functions.c">
      <Filter>Fichiers sources</Filter>
    </ClCompile>
    <ClCompile Include="utils\utils.c">
      <Filter>Fichiers sources</Filter>
    </ClCompile>
    <ClCompile Include="syscalls\direct\SysWhispers3\sw3_syscalls.c">
      <Filter>Fichiers sources</Filter>
    </ClCompile>
    <ClCompile Include="syscalls\indirect\HWSyscalls\hw_syscalls.c">
      <Filter>Fichiers sources</Filter>
    </ClCompile>
    <ClCompile Include="modules\amsi_bypass\amsi_bypass.c">
      <Filter>Fichiers sources</Filter>
    </ClCompile>
    <ClCompile Include="modules\amsi_bypass\function_patching.c">
      <Filter>Fichiers sources</Filter>
    </ClCompile>
    <ClCompile Include="modules\etw_bypass\etw_bypass.c">
      <Filter>Fichiers sources</Filter>
    </ClCompile>
    <ClCompile Include="modules\etw_bypass\function_patching.c">
      <Filter>Fichiers sources</Filter>
    </ClCompile>
    <ClCompile Include="modules\etw_bypass\hbp_hooking.c">
      <Filter>Fichiers sources</Filter>
    </ClCompile>
    <ClCompile Include="utils\hardware_breakpoints.c">
      <Filter>Fichiers sources</Filter>
    </ClCompile>
  </ItemGroup>
  <ItemGroup>
    <MASM Include="syscalls\direct\SysWhispers3\sw3_syscalls-asm.x64.asm">
      <Filter>Fichiers sources</Filter>
    </MASM>
  </ItemGroup>
</Project>