<?xml version="1.0" encoding="utf-8"?>
<Project ToolsVersion="4.0" xmlns="http://schemas.microsoft.com/developer/msbuild/2003">
  <ItemGroup>
    <Filter Include="Fichiers sources">
      <UniqueIdentifier>{4FC737F1-C7A5-4376-A066-2A32D752A2FF}</UniqueIdentifier>
      <Extensions>cpp;c;cc;cxx;c++;cppm;ixx;def;odl;idl;hpj;bat;asm;asmx</Extensions>
    </Filter>
    <Filter Include="Fichiers d%27en-tête">
      <UniqueIdentifier>{93995380-89BD-4b04-88EB-625FBE52EBFB}</UniqueIdentifier>
      <Extensions>h;hh;hpp;hxx;h++;hm;inl;inc;ipp;xsd</Extensions>
    </Filter>
    <Filter Include="Fichiers de ressources">
      <UniqueIdentifier>{67DA6AB6-F800-4c08-8B7A-83BB121AAD01}</UniqueIdentifier>
      <Extensions>rc;ico;cur;bmp;dlg;rc2;rct;bin;rgs;gif;jpg;jpeg;jpe;resx;tiff;tif;png;wav;mfcribbon-ms</Extensions>
    </Filter>
  </ItemGroup>
  <ItemGroup>
    <ClInclude Include="common.h">
      <Filter>Fichiers d%27en-tête</Filter>
    </ClInclude>
    <ClInclude Include="modules\anti_analysis\anti_analysis.h">
      <Filter>Fichiers d%27en-tête</Filter>
    </ClInclude>
    <ClInclude Include="modules\encryption\encryption.h">
      <Filter>Fichiers d%27en-tête</Filter>
    </ClInclude>
    <ClInclude Include="modules\entropy\entropy.h">
      <Filter>Fichiers d%27en-tête</Filter>
    </ClInclude>
    <ClInclude Include="modules\injection\injection.h">
      <Filter>Fichiers d%27en-tête</Filter>
    </ClInclude>
    <ClInclude Include="modules\obfuscation\obfuscation.h">
      <Filter>Fichiers d%27en-tête</Filter>
    </ClInclude>
    <ClInclude Include="modules\payload_loading\payload_loading.h">
      <Filter>Fichiers d%27en-tête</Filter>
    </ClInclude>
    <ClInclude Include="modules\stealth_techniques\api_hashing.h">
      <Filter>Fichiers d%27en-tête</Filter>
    </ClInclude>
    <ClInclude Include="syscalls\hw_indirect_syscalls.h">
      <Filter>Fichiers d%27en-tête</Filter>
    </ClInclude>
    <ClInclude Include="syscalls\syscalls.h">
      <Filter>Fichiers d%27en-tête</Filter>
    </ClInclude>
    <ClInclude Include="utils\debug.h">
      <Filter>Fichiers d%27en-tête</Filter>
    </ClInclude>
    <ClInclude Include="utils\utils.h">
      <Filter>Fichiers d%27en-tête</Filter>
    </ClInclude>
    <ClInclude Include="structs.h">
      <Filter>Fichiers d%27en-tête</Filter>
    </ClInclude>
    <ClInclude Include="typedef.h">
      <Filter>Fichiers d%27en-tête</Filter>
    </ClInclude>
    <ClInclude Include="config.h">
      <Filter>Fichiers d%27en-tête</Filter>
    </ClInclude>
    <ClInclude Include="syscalls\api_calls\api_calls.h">
      <Filter>Fichiers d%27en-tête</Filter>
    </ClInclude>
    <ClInclude Include="utils\syscall_functions.h">
      <Filter>Fichiers d%27en-tête</Filter>
    </ClInclude>
    <ClInclude Include="modules\unhooking\unhooking.h">
      <Filter>Fichiers d%27en-tête</Filter>
    </ClInclude>
  </ItemGroup>
  <ItemGroup>
    <ClCompile Include="modules\anti_analysis\anti_analysis.c">
      <Filter>Fichiers sources</Filter>
    </ClCompile>
    <ClCompile Include="modules\anti_analysis\delay.c">
      <Filter>Fichiers sources</Filter>
    </ClCompile>
    <ClCompile Include="modules\anti_analysis\mouse_action.c">
      <Filter>Fichiers sources</Filter>
    </ClCompile>
    <ClCompile Include="modules\anti_analysis\self_delete.c">
      <Filter>Fichiers sources</Filter>
    </ClCompile>
    <ClCompile Include="modules\encryption\aes_encryption.c">
      <Filter>Fichiers sources</Filter>
    </ClCompile>
    <ClCompile Include="modules\encryption\chacha20_encryption.c">
      <Filter>Fichiers sources</Filter>
    </ClCompile>
    <ClCompile Include="modules\encryption\des_encryption.c">
      <Filter>Fichiers sources</Filter>
    </ClCompile>
    <ClCompile Include="modules\encryption\encryption.c">
      <Filter>Fichiers sources</Filter>
    </ClCompile>
    <ClCompile Include="modules\encryption\rc4_encryption.c">
      <Filter>Fichiers sources</Filter>
    </ClCompile>
    <ClCompile Include="modules\encryption\rsa_encryption.c">
      <Filter>Fichiers sources</Filter>
    </ClCompile>
    <ClCompile Include="modules\encryption\xor_encryption.c">
      <Filter>Fichiers sources</Filter>
    </ClCompile>
    <ClCompile Include="modules\entropy\custom_win_api.c">
      <Filter>Fichiers sources</Filter>
    </ClCompile>
    <ClCompile Include="modules\entropy\entropy.c">
      <Filter>Fichiers sources</Filter>
    </ClCompile>
    <ClCompile Include="modules\injection\apc_injection.c">
      <Filter>Fichiers sources</Filter>
    </ClCompile>
    <ClCompile Include="modules\injection\early_bird_apc_injection.c">
      <Filter>Fichiers sources</Filter>
    </ClCompile>
    <ClCompile Include="modules\injection\injection.c">
      <Filter>Fichiers sources</Filter>
    </ClCompile>
    <ClCompile Include="modules\injection\remote_process_injection.c">
      <Filter>Fichiers sources</Filter>
    </ClCompile>
    <ClCompile Include="modules\injection\thread_hijacking.c">
      <Filter>Fichiers sources</Filter>
    </ClCompile>
    <ClCompile Include="modules\obfuscation\dictionnary_obfuscation.c">
      <Filter>Fichiers sources</Filter>
    </ClCompile>
    <ClCompile Include="modules\obfuscation\ipv4_obfuscation.c">
      <Filter>Fichiers sources</Filter>
    </ClCompile>
    <ClCompile Include="modules\obfuscation\ipv6_obfuscation.c">
      <Filter>Fichiers sources</Filter>
    </ClCompile>
    <ClCompile Include="modules\obfuscation\mac_obfuscation.c">
      <Filter>Fichiers sources</Filter>
    </ClCompile>
    <ClCompile Include="modules\obfuscation\obfuscation.c">
      <Filter>Fichiers sources</Filter>
    </ClCompile>
    <ClCompile Include="modules\obfuscation\uuid_obfuscation.c">
      <Filter>Fichiers sources</Filter>
    </ClCompile>
    <ClCompile Include="modules\payload_loading\file_mapping.c">
      <Filter>Fichiers sources</Filter>
    </ClCompile>
    <ClCompile Include="modules\payload_loading\function_stomping.c">
      <Filter>Fichiers sources</Filter>
    </ClCompile>
    <ClCompile Include="modules\payload_loading\in_memory.c">
      <Filter>Fichiers sources</Filter>
    </ClCompile>
    <ClCompile Include="modules\payload_loading\payload_loading.c">
      <Filter>Fichiers sources</Filter>
    </ClCompile>
    <ClCompile Include="modules\stealth_techniques\api_hashing.c">
      <Filter>Fichiers sources</Filter>
    </ClCompile>
    <ClCompile Include="modules\stealth_techniques\iat_obfuscation.c">
      <Filter>Fichiers sources</Filter>
    </ClCompile>
    <ClCompile Include="syscalls\hw_indirect_syscalls.c">
      <Filter>Fichiers sources</Filter>
    </ClCompile>
    <ClCompile Include="syscalls\syscalls.c">
      <Filter>Fichiers sources</Filter>
    </ClCompile>
    <ClCompile Include="utils\debug.c">
      <Filter>Fichiers sources</Filter>
    </ClCompile>
    <ClCompile Include="utils\utils.c">
      <Filter>Fichiers sources</Filter>
    </ClCompile>
    <ClCompile Include="dropper.c">
      <Filter>Fichiers sources</Filter>
    </ClCompile>
    <ClCompile Include="config.c">
      <Filter>Fichiers sources</Filter>
    </ClCompile>
    <ClCompile Include="utils\syscall_functions.c">
      <Filter>Fichiers sources</Filter>
    </ClCompile>
    <ClCompile Include="modules\unhooking\known_dlls_unhooking.c">
      <Filter>Fichiers sources</Filter>
    </ClCompile>
    <ClCompile Include="modules\unhooking\suspended_unhooking.c">
      <Filter>Fichiers sources</Filter>
    </ClCompile>
    <ClCompile Include="modules\unhooking\unhooking.c">
      <Filter>Fichiers sources</Filter>
    </ClCompile>
  </ItemGroup>
  <ItemGroup>
    <None Include="Makefile" />
  </ItemGroup>
</Project>