<?xml version="1.0" encoding="utf-8"?>
<Project ToolsVersion="4.0" xmlns="http://schemas.microsoft.com/developer/msbuild/2003">
  <ItemGroup>
    <Filter Include="Source Files">
      <UniqueIdentifier>{4FC737F1-C7A5-4376-A066-2A32D752A2FF}</UniqueIdentifier>
      <Extensions>cpp;c;cc;cxx;def;odl;idl;hpj;bat;asm;asmx</Extensions>
    </Filter>
    <Filter Include="Header Files">
      <UniqueIdentifier>{93995380-89BD-4b04-88EB-625FBE52EBFB}</UniqueIdentifier>
      <Extensions>h;hh;hpp;hxx;hm;inl;inc;xsd</Extensions>
    </Filter>
    <Filter Include="Resource Files">
      <UniqueIdentifier>{67DA6AB6-F800-4c08-8B7A-83BB121AAD01}</UniqueIdentifier>
      <Extensions>rc;ico;cur;bmp;dlg;rc2;rct;bin;rgs;gif;jpg;jpeg;jpe;resx;tiff;tif;png;wav</Extensions>
    </Filter>
  </ItemGroup>
  <ItemGroup>
    <ClCompile Include="dropper.c">
      <Filter>Source Files</Filter>
    </ClCompile>
    <ClCompile Include="modules\anti_analysis\anti_analysis.c">
      <Filter>Source Files</Filter>
    </ClCompile>
    <ClCompile Include="modules\anti_analysis\delay.c">
      <Filter>Source Files</Filter>
    </ClCompile>
    <ClCompile Include="modules\anti_analysis\mouse_action.c">
      <Filter>Source Files</Filter>
    </ClCompile>
    <ClCompile Include="modules\anti_analysis\self_delete.c">
      <Filter>Source Files</Filter>
    </ClCompile>
    <ClCompile Include="modules\encryption\aes_encryption.c">
      <Filter>Source Files</Filter>
    </ClCompile>
    <ClCompile Include="modules\encryption\chacha20_encryption.c">
      <Filter>Source Files</Filter>
    </ClCompile>
    <ClCompile Include="modules\encryption\des_encryption.c">
      <Filter>Source Files</Filter>
    </ClCompile>
    <ClCompile Include="modules\encryption\encryption.c">
      <Filter>Source Files</Filter>
    </ClCompile>
    <ClCompile Include="modules\encryption\rc4_encryption.c">
      <Filter>Source Files</Filter>
    </ClCompile>
    <ClCompile Include="modules\encryption\rsa_encryption.c">
      <Filter>Source Files</Filter>
    </ClCompile>
    <ClCompile Include="modules\encryption\xor_encryption.c">
      <Filter>Source Files</Filter>
    </ClCompile>
    <ClCompile Include="modules\entropy\entropy.c">
      <Filter>Source Files</Filter>
    </ClCompile>
    <ClCompile Include="modules\injection\apc_injection.c">
      <Filter>Source Files</Filter>
    </ClCompile>
    <ClCompile Include="modules\injection\function_stomping_injection.c">
      <Filter>Source Files</Filter>
    </ClCompile>
    <ClCompile Include="modules\injection\injection.c">
      <Filter>Source Files</Filter>
    </ClCompile>
    <ClCompile Include="modules\injection\remote_process_injection.c">
      <Filter>Source Files</Filter>
    </ClCompile>
    <ClCompile Include="modules\injection\thread_hijacking.c">
      <Filter>Source Files</Filter>
    </ClCompile>
    <ClCompile Include="modules\obfuscation\dictionnary_obfuscation.c">
      <Filter>Source Files</Filter>
    </ClCompile>
    <ClCompile Include="modules\obfuscation\ipv4_obfuscation.c">
      <Filter>Source Files</Filter>
    </ClCompile>
    <ClCompile Include="modules\obfuscation\ipv6_obfuscation.c">
      <Filter>Source Files</Filter>
    </ClCompile>
    <ClCompile Include="modules\obfuscation\mac_obfuscation.c">
      <Filter>Source Files</Filter>
    </ClCompile>
    <ClCompile Include="modules\obfuscation\obfuscation.c">
      <Filter>Source Files</Filter>
    </ClCompile>
    <ClCompile Include="modules\obfuscation\uuid_obfuscation.c">
      <Filter>Source Files</Filter>
    </ClCompile>
    <ClCompile Include="modules\shellcode_loading\file_mapping.c">
      <Filter>Source Files</Filter>
    </ClCompile>
    <ClCompile Include="modules\shellcode_loading\in_memory.c">
      <Filter>Source Files</Filter>
    </ClCompile>
    <ClCompile Include="modules\shellcode_loading\shellcode_loading.c">
      <Filter>Source Files</Filter>
    </ClCompile>
    <ClCompile Include="modules\stealth_techniques\direct_syscalls.c">
      <Filter>Source Files</Filter>
    </ClCompile>
    <ClCompile Include="modules\stealth_techniques\iat_obfuscation.c">
      <Filter>Source Files</Filter>
    </ClCompile>
    <ClCompile Include="modules\stealth_techniques\process_argument_spoofing.c">
      <Filter>Source Files</Filter>
    </ClCompile>
    <ClCompile Include="utils\debug.c">
      <Filter>Source Files</Filter>
    </ClCompile>
    <ClCompile Include="modules\entropy\custom_win_api.c">
      <Filter>Source Files</Filter>
    </ClCompile>
    <ClCompile Include="syscalls\api_hashing.c">
      <Filter>Source Files</Filter>
    </ClCompile>
    <ClCompile Include="syscalls\syscalls.c">
      <Filter>Source Files</Filter>
    </ClCompile>
  </ItemGroup>
  <ItemGroup>
    <ClInclude Include="common.h">
      <Filter>Header Files</Filter>
    </ClInclude>
    <ClInclude Include="dropper.h">
      <Filter>Header Files</Filter>
    </ClInclude>
    <ClInclude Include="modules\anti_analysis\anti_analysis.h">
      <Filter>Header Files</Filter>
    </ClInclude>
    <ClInclude Include="modules\encryption\encryption.h">
      <Filter>Header Files</Filter>
    </ClInclude>
    <ClInclude Include="modules\injection\injection.h">
      <Filter>Header Files</Filter>
    </ClInclude>
    <ClInclude Include="modules\obfuscation\obfuscation.h">
      <Filter>Header Files</Filter>
    </ClInclude>
    <ClInclude Include="modules\shellcode_loading\shellcode_loading.h">
      <Filter>Header Files</Filter>
    </ClInclude>
    <ClInclude Include="utils\debug.h">
      <Filter>Header Files</Filter>
    </ClInclude>
    <ClInclude Include="modules\entropy\entropy.h">
      <Filter>Header Files</Filter>
    </ClInclude>
    <ClInclude Include="structs.h">
      <Filter>Header Files</Filter>
    </ClInclude>
    <ClInclude Include="syscalls\syscalls.h">
      <Filter>Header Files</Filter>
    </ClInclude>
    <ClInclude Include="typedef.h">
      <Filter>Header Files</Filter>
    </ClInclude>
  </ItemGroup>
</Project>